{
  "name": "@alpha-consumer/widget",
  "version": "0.0.1",
  "lockfileVersion": 3,
  "requires": true,
  "packages": {
    "": {
      "name": "@alpha-consumer/widget",
      "version": "0.0.1",
      "license": "Apache-2.0",
      "devDependencies": {
        "@lynx-js/autolink-codegen": "^0.5.0",
        "@lynx-js/lynx-library-headers": "0.0.21-alpha.main.1",
        "@lynx-js/weak-node-api": "^0.0.9"
      }
    },
    "node_modules/@lynx-js/autolink-codegen": {
      "version": "0.5.0",
      "resolved": "https://registry.npmjs.org/@lynx-js/autolink-codegen/-/autolink-codegen-0.5.0.tgz",
      "integrity": "sha512-TXmwn4NSYx4T9OEEyJV+mrRZatC9nLAf50eEPk/qDOIIsf6bMQCusisy71Do0ZYepIOWJCY0VWLnPvFzcByG/g==",
      "dev": true,
      "license": "Apache-2.0",
      "bin": {
        "lynx-autolink-codegen": "dist/cli.js"
      },
      "engines": {
        "node": "^20 || ^22 || ^24"
      }
    },
    "node_modules/@lynx-js/lynx-library-headers": {
      "version": "0.0.21-alpha.main.1",
      "resolved": "https://registry.npmjs.org/@lynx-js/lynx-library-headers/-/lynx-library-headers-0.0.21-alpha.main.1.tgz",
      "integrity": "sha512-Iaj58ps90thtjYdv4nTSAxQhjHqsTPcILHQvSZCNqk0UoVHZ5U7M8wEUnNzB2CNcHmlmpAmeYrRfP2Lt8sSMEw==",
      "dev": true,
      "dependencies": {
        "@lynx-js/lynxtron": "0.0.21-alpha.main.1"
      },
      "engines": {
        "node": "^22.18.0 || ^24.0.0 || ^26.0.0"
      }
    },
    "node_modules/@lynx-js/lynxtron": {
      "version": "0.0.21-alpha.main.1",
      "resolved": "https://registry.npmjs.org/@lynx-js/lynxtron/-/lynxtron-0.0.21-alpha.main.1.tgz",
      "integrity": "sha512-SRXQdMymwOOb4SbhuHj0ylrzEdhS5/fvnT06IJAx13YQBAxq674Jg0IPvVv6CtjxAb/VqekwTWXM795xpyadYQ==",
      "dev": true,
      "hasInstallScript": true,
      "license": "ISC",
      "dependencies": {
        "node-fetch": "3.3.2",
        "proper-lockfile": "4.1.2",
        "zip-lib": "1.4.0"
      },
      "bin": {
        "lynxtron": "cli.js",
        "lynxtron-fuses": "fuses-cli.js"
      },
      "engines": {
        "node": "^22.18.0 || ^24.0.0 || ^26.0.0"
      }
    },
    "node_modules/@lynx-js/weak-node-api": {
      "version": "0.0.9",
      "resolved": "https://registry.npmjs.org/@lynx-js/weak-node-api/-/weak-node-api-0.0.9.tgz",
      "integrity": "sha512-s+UR4gBGxLKk/S1f7C8nEow/oxfgQ6pJQBR8fM4XOFYaecIHlgIj7/XujQw6f4wtk21VSP4BxrRWeomYjiEoJQ==",
      "dev": true,
      "license": "Apache-2.0",
      "dependencies": {
        "node-addon-api": "7.1.0"
      }
    },
    "node_modules/buffer-crc32": {
      "version": "1.0.0",
      "resolved": "https://registry.npmjs.org/buffer-crc32/-/buffer-crc32-1.0.0.tgz",
      "integrity": "sha512-Db1SbgBS/fg/392AblrMJk97KggmvYhr4pB5ZIMTWtaivCPMWLkmb7m21cJvpvgK+J3nsU2CmmixNBZx4vFj/w==",
      "dev": true,
      "license": "MIT",
      "engines": {
        "node": ">=8.0.0"
      }
    },
    "node_modules/data-uri-to-buffer": {
      "version": "4.0.1",
      "resolved": "https://registry.npmjs.org/data-uri-to-buffer/-/data-uri-to-buffer-4.0.1.tgz",
      "integrity": "sha512-0R9ikRb668HB7QDxT1vkpuUBtqc53YyAwMwGeUFKRojY/NWKvdZ+9UYtRfGmhqNbRkTSVpMbmyhXipFFv2cb/A==",
      "dev": true,
      "license": "MIT",
      "engines": {
        "node": ">= 12"
      }
    },
    "node_modules/fetch-blob": {
      "version": "3.2.0",
      "resolved": "https://registry.npmjs.org/fetch-blob/-/fetch-blob-3.2.0.tgz",
      "integrity": "sha512-7yAQpD2UMJzLi1Dqv7qFYnPbaPx7ZfFK6PiIxQ4PfkGPyNyl2Ugx+a/umUonmKqjhM4DnfbMvdX6otXq83soQQ==",
      "dev": true,
      "funding": [
        {
          "type": "github",
          "url": "https://github.com/sponsors/jimmywarting"
        },
        {
          "type": "paypal",
          "url": "https://paypal.me/jimmywarting"
        }
      ],
      "license": "MIT",
      "dependencies": {
        "node-domexception": "^1.0.0",
        "web-streams-polyfill": "^3.0.3"
      },
      "engines": {
        "node": "^12.20 || >= 14.13"
      }
    },
    "node_modules/formdata-polyfill": {
      "version": "4.0.10",
      "resolved": "https://registry.npmjs.org/formdata-polyfill/-/formdata-polyfill-4.0.10.tgz",
      "integrity": "sha512-buewHzMvYL29jdeQTVILecSaZKnt/RJWjoZCF5OW60Z67/GmSLBkOFM7qh1PI3zFNtJbaZL5eQu1vLfazOwj4g==",
      "dev": true,
      "license": "MIT",
      "dependencies": {
        "fetch-blob": "^3.1.2"
      },
      "engines": {
        "node": ">=12.20.0"
      }
    },
    "node_modules/graceful-fs": {
      "version": "4.2.11",
      "resolved": "https://registry.npmjs.org/graceful-fs/-/graceful-fs-4.2.11.tgz",
      "integrity": "sha512-RbJ5/jmFcNNCcDV5o9eTnBLJ/HszWV0P73bc+Ff4nS/rJj+YaS6IGyiOL0VoBYX+l1Wrl3k63h/KrH+nhJ0XvQ==",
      "dev": true,
      "license": "ISC"
    },
    "node_modules/node-addon-api": {
      "version": "7.1.0",
      "resolved": "https://registry.npmjs.org/node-addon-api/-/node-addon-api-7.1.0.tgz",
      "integrity": "sha512-mNcltoe1R8o7STTegSOHdnJNN7s5EUvhoS7ShnTHDyOSd+8H+UdWODq6qSv67PjC8Zc5JRT8+oLAMCr0SIXw7g==",
      "dev": true,
      "license": "MIT",
      "engines": {
        "node": "^16 || ^18 || >= 20"
      }
    },
    "node_modules/node-domexception": {
      "version": "1.0.0",
      "resolved": "https://registry.npmjs.org/node-domexception/-/node-domexception-1.0.0.tgz",
      "integrity": "sha512-/jKZoMpw0F8GRwl4/eLROPA3cfcXtLApP0QzLmUT/HuPCZWyB7IY9ZrMeKw2O/nFIqPQB3PVM9aYm0F312AXDQ==",
      "deprecated": "Use your platform's native DOMException instead",
      "dev": true,
      "funding": [
        {
          "type": "github",
          "url": "https://github.com/sponsors/jimmywarting"
        },
        {
          "type": "github",
          "url": "https://paypal.me/jimmywarting"
        }
      ],
      "license": "MIT",
      "engines": {
        "node": ">=10.5.0"
      }
    },
    "node_modules/node-fetch": {
      "version": "3.3.2",
      "resolved": "https://registry.npmjs.org/node-fetch/-/node-fetch-3.3.2.tgz",
      "integrity": "sha512-dRB78srN/l6gqWulah9SrxeYnxeddIG30+GOqK/9OlLVyLg3HPnr6SqOWTWOXKRwC2eGYCkZ59NNuSgvSrpgOA==",
      "dev": true,
      "license": "MIT",
      "dependencies": {
        "data-uri-to-buffer": "^4.0.0",
        "fetch-blob": "^3.1.4",
        "formdata-polyfill": "^4.0.10"
      },
      "engines": {
        "node": "^12.20.0 || ^14.13.1 || >=16.0.0"
      },
      "funding": {
        "type": "opencollective",
        "url": "https://opencollective.com/node-fetch"
      }
    },
    "node_modules/pend": {
      "version": "1.2.0",
      "resolved": "https://registry.npmjs.org/pend/-/pend-1.2.0.tgz",
      "integrity": "sha512-F3asv42UuXchdzt+xXqfW1OGlVBe+mxa2mqI0pg5yAHZPvFmY3Y6drSf/GQ1A86WgWEN9Kzh/WrgKa6iGcHXLg==",
      "dev": true,
      "license": "MIT"
    },
    "node_modules/proper-lockfile": {
      "version": "4.1.2",
      "resolved": "https://registry.npmjs.org/proper-lockfile/-/proper-lockfile-4.1.2.tgz",
      "integrity": "sha512-TjNPblN4BwAWMXU8s9AEz4JmQxnD1NNL7bNOY/AKUzyamc379FWASUhc/K1pL2noVb+XmZKLL68cjzLsiOAMaA==",
      "dev": true,
      "license": "MIT",
      "dependencies": {
        "graceful-fs": "^4.2.4",
        "retry": "^0.12.0",
        "signal-exit": "^3.0.2"
      }
    },
    "node_modules/retry": {
      "version": "0.12.0",
      "resolved": "https://registry.npmjs.org/retry/-/retry-0.12.0.tgz",
      "integrity": "sha512-9LkiTwjUh6rT555DtE9rTX+BKByPfrMzEAtnlEtdEwr3Nkffwiihqe2bWADg+OQRjt9gl6ICdmB/ZFDCGAtSow==",
      "dev": true,
      "license": "MIT",
      "engines": {
        "node": ">= 4"
      }
    },
    "node_modules/signal-exit": {
      "version": "3.0.7",
      "resolved": "https://registry.npmjs.org/signal-exit/-/signal-exit-3.0.7.tgz",
      "integrity": "sha512-wnD2ZE+l+SPC/uoS0vXeE9L1+0wuaMqKlfz9AMUo38JsyLSBWSFcHR1Rri62LZc12vLr1gb3jl7iwQhgwpAbGQ==",
      "dev": true,
      "license": "ISC"
    },
    "node_modules/web-streams-polyfill": {
      "version": "3.3.3",
      "resolved": "https://registry.npmjs.org/web-streams-polyfill/-/web-streams-polyfill-3.3.3.tgz",
      "integrity": "sha512-d2JWLCivmZYTSIoge9MsgFCZrt571BikcWGYkjC1khllbTeDlGqZ2D8vD8E/lJa8WGWbb7Plm8/XJYV7IJHZZw==",
      "dev": true,
      "license": "MIT",
      "engines": {
        "node": ">= 8"
      }
    },
    "node_modules/yauzl": {
      "version": "3.4.0",
      "resolved": "https://registry.npmjs.org/yauzl/-/yauzl-3.4.0.tgz",
      "integrity": "sha512-jIH9yLR9wqr0wOS0TpBvo/g/2UgZH5qePVbjgRliiF0BYvOZyaBknKsF+x9Iht0O6sqgnB93rCICdOZFecJuDw==",
      "dev": true,
      "license": "MIT",
      "dependencies": {
        "pend": "~1.2.0"
      },
      "engines": {
        "node": ">=12"
      }
    },
    "node_modules/yazl": {
      "version": "3.3.1",
      "resolved": "https://registry.npmjs.org/yazl/-/yazl-3.3.1.tgz",
      "integrity": "sha512-BbETDVWG+VcMUle37k5Fqp//7SDOK2/1+T7X8TD96M3D9G8jK5VLUdQVdVjGi8im7FGkazX7kk5hkU8X4L5Bng==",
      "dev": true,
      "license": "MIT",
      "dependencies": {
        "buffer-crc32": "^1.0.0"
      }
    },
    "node_modules/zip-lib": {
      "version": "1.4.0",
      "resolved": "https://registry.npmjs.org/zip-lib/-/zip-lib-1.4.0.tgz",
      "integrity": "sha512-ZRdZqCUW/f9PmQXEYJZL5aI1ElWpOUG3J7TpJc4FqliT3mEUVw6lNRFZGym85+N35tTheO2B/WN/+oAY1QVyrA==",
      "dev": true,
      "license": "MIT",
      "dependencies": {
        "yauzl": "^3.4.0",
        "yazl": "^3.3.1"
      },
      "engines": {
        "node": ">=20"
      }
    }
  }
}
